
Microsoft Visual Studio Solution File, Format Version 12.00
# Visual Studio Version 17
VisualStudioVersion = 17.8.34330.188
MinimumVisualStudioVersion = 10.0.40219.1
Project("{FAE04EC0-301F-11D3-BF4B-00C04F79EFBC}") = "HostelControlService", "HostelControlService.csproj", "{F1B34BC8-540C-44DB-BD9F-CBFB3FF7576F}"
EndProject
Global
	GlobalSection(SolutionConfigurationPlatforms) = preSolution
		Debug|Any CPU = Debug|Any CPU
		Release|Any CPU = Release|Any CPU
	EndGlobalSection
	GlobalSection(ProjectConfigurationPlatforms) = postSolution
		{F1B34BC8-540C-44DB-BD9F-CBFB3FF7576F}.Debug|Any CPU.ActiveCfg = Debug|Any CPU
		{F1B34BC8-540C-44DB-BD9F-CBFB3FF7576F}.Debug|Any CPU.Build.0 = Debug|Any CPU
		{F1B34BC8-540C-44DB-BD9F-CBFB3FF7576F}.Release|Any CPU.ActiveCfg = Release|Any CPU
		{F1B34BC8-540C-44DB-BD9F-CBFB3FF7576F}.Release|Any CPU.Build.0 = Release|Any CPU
	EndGlobalSection
	GlobalSection(SolutionProperties) = preSolution
		HideSolutionNode = FALSE
	EndGlobalSection
	GlobalSection(ExtensibilityGlobals) = postSolution
		SolutionGuid = {B34C2FC5-0A27-410C-914E-56F8D057354F}
	EndGlobalSection
EndGlobal
